
Microsoft Visual Studio Solution File, Format Version 12.00
# Visual Studio Version 17
VisualStudioVersion = 17.1.32210.238
MinimumVisualStudioVersion = 10.0.40219.1
Project("{FAE04EC0-301F-11D3-BF4B-00C04F79EFBC}") = "HomeWork5", "HomeWork5.csproj", "{B43E8358-7306-43D2-B372-4216C4E57BEE}"
EndProject
Global
	GlobalSection(SolutionConfigurationPlatforms) = preSolution
		Debug|Any CPU = Debug|Any CPU
		Release|Any CPU = Release|Any CPU
	EndGlobalSection
	GlobalSection(ProjectConfigurationPlatforms) = postSolution
		{B43E8358-7306-43D2-B372-4216C4E57BEE}.Debug|Any CPU.ActiveCfg = Debug|Any CPU
		{B43E8358-7306-43D2-B372-4216C4E57BEE}.Debug|Any CPU.Build.0 = Debug|Any CPU
		{B43E8358-7306-43D2-B372-4216C4E57BEE}.Release|Any CPU.ActiveCfg = Release|Any CPU
		{B43E8358-7306-43D2-B372-4216C4E57BEE}.Release|Any CPU.Build.0 = Release|Any CPU
	EndGlobalSection
	GlobalSection(SolutionProperties) = preSolution
		HideSolutionNode = FALSE
	EndGlobalSection
	GlobalSection(ExtensibilityGlobals) = postSolution
		SolutionGuid = {E66CBB24-D949-4F0D-BE57-F936CFEFB6EC}
	EndGlobalSection
EndGlobal
